
Microsoft Visual Studio Solution File, Format Version 12.00
# Visual Studio Version 16
VisualStudioVersion = 16.0.31112.23
MinimumVisualStudioVersion = 10.0.40219.1
Project("{FAE04EC0-301F-11D3-BF4B-00C04F79EFBC}") = "BookManager", "BookManager\BookManager.csproj", "{10242817-4763-44E5-AB7E-9F05C695D546}"
EndProject
Global
	GlobalSection(SolutionConfigurationPlatforms) = preSolution
		Debug|Any CPU = Debug|Any CPU
		Release|Any CPU = Release|Any CPU
	EndGlobalSection
	GlobalSection(ProjectConfigurationPlatforms) = postSolution
		{10242817-4763-44E5-AB7E-9F05C695D546}.Debug|Any CPU.ActiveCfg = Debug|Any CPU
		{10242817-4763-44E5-AB7E-9F05C695D546}.Debug|Any CPU.Build.0 = Debug|Any CPU
		{10242817-4763-44E5-AB7E-9F05C695D546}.Release|Any CPU.ActiveCfg = Release|Any CPU
		{10242817-4763-44E5-AB7E-9F05C695D546}.Release|Any CPU.Build.0 = Release|Any CPU
	EndGlobalSection
	GlobalSection(SolutionProperties) = preSolution
		HideSolutionNode = FALSE
	EndGlobalSection
	GlobalSection(ExtensibilityGlobals) = postSolution
		SolutionGuid = {BDA1BE04-A8B4-407E-A680-DB948060F255}
	EndGlobalSection
EndGlobal
