
Microsoft Visual Studio Solution File, Format Version 12.00
# Visual Studio Version 16
VisualStudioVersion = 16.0.31025.194
MinimumVisualStudioVersion = 10.0.40219.1
Project("{FAE04EC0-301F-11D3-BF4B-00C04F79EFBC}") = "CSBasic32", "CSBasic32\CSBasic32.csproj", "{AC2FB63C-0703-4CE1-B337-F3DEE6031DBC}"
EndProject
Global
	GlobalSection(SolutionConfigurationPlatforms) = preSolution
		Debug|Any CPU = Debug|Any CPU
		Release|Any CPU = Release|Any CPU
	EndGlobalSection
	GlobalSection(ProjectConfigurationPlatforms) = postSolution
		{AC2FB63C-0703-4CE1-B337-F3DEE6031DBC}.Debug|Any CPU.ActiveCfg = Debug|Any CPU
		{AC2FB63C-0703-4CE1-B337-F3DEE6031DBC}.Debug|Any CPU.Build.0 = Debug|Any CPU
		{AC2FB63C-0703-4CE1-B337-F3DEE6031DBC}.Release|Any CPU.ActiveCfg = Release|Any CPU
		{AC2FB63C-0703-4CE1-B337-F3DEE6031DBC}.Release|Any CPU.Build.0 = Release|Any CPU
	EndGlobalSection
	GlobalSection(SolutionProperties) = preSolution
		HideSolutionNode = FALSE
	EndGlobalSection
	GlobalSection(ExtensibilityGlobals) = postSolution
		SolutionGuid = {AE7C7B06-B1ED-4B66-9E84-E1F7625B8E38}
	EndGlobalSection
EndGlobal
