
Microsoft Visual Studio Solution File, Format Version 12.00
# Visual Studio Version 16
VisualStudioVersion = 16.0.31321.278
MinimumVisualStudioVersion = 10.0.40219.1
Project("{FAE04EC0-301F-11D3-BF4B-00C04F79EFBC}") = "CSBasic5", "CSBasic5\CSBasic5.csproj", "{0435004F-D346-4027-B73F-2AC50CF38272}"
EndProject
Global
	GlobalSection(SolutionConfigurationPlatforms) = preSolution
		Debug|Any CPU = Debug|Any CPU
		Release|Any CPU = Release|Any CPU
	EndGlobalSection
	GlobalSection(ProjectConfigurationPlatforms) = postSolution
		{0435004F-D346-4027-B73F-2AC50CF38272}.Debug|Any CPU.ActiveCfg = Debug|Any CPU
		{0435004F-D346-4027-B73F-2AC50CF38272}.Debug|Any CPU.Build.0 = Debug|Any CPU
		{0435004F-D346-4027-B73F-2AC50CF38272}.Release|Any CPU.ActiveCfg = Release|Any CPU
		{0435004F-D346-4027-B73F-2AC50CF38272}.Release|Any CPU.Build.0 = Release|Any CPU
	EndGlobalSection
	GlobalSection(SolutionProperties) = preSolution
		HideSolutionNode = FALSE
	EndGlobalSection
	GlobalSection(ExtensibilityGlobals) = postSolution
		SolutionGuid = {079203A5-6D44-435E-80BF-135D85FFACC9}
	EndGlobalSection
EndGlobal
