
Microsoft Visual Studio Solution File, Format Version 12.00
# Visual Studio Version 16
VisualStudioVersion = 16.0.31205.134
MinimumVisualStudioVersion = 10.0.40219.1
Project("{FAE04EC0-301F-11D3-BF4B-00C04F79EFBC}") = "CSBasic323", "CSBasic323\CSBasic323.csproj", "{176C5365-C223-4787-8D89-6056335B1F16}"
EndProject
Global
	GlobalSection(SolutionConfigurationPlatforms) = preSolution
		Debug|Any CPU = Debug|Any CPU
		Release|Any CPU = Release|Any CPU
	EndGlobalSection
	GlobalSection(ProjectConfigurationPlatforms) = postSolution
		{176C5365-C223-4787-8D89-6056335B1F16}.Debug|Any CPU.ActiveCfg = Debug|Any CPU
		{176C5365-C223-4787-8D89-6056335B1F16}.Debug|Any CPU.Build.0 = Debug|Any CPU
		{176C5365-C223-4787-8D89-6056335B1F16}.Release|Any CPU.ActiveCfg = Release|Any CPU
		{176C5365-C223-4787-8D89-6056335B1F16}.Release|Any CPU.Build.0 = Release|Any CPU
	EndGlobalSection
	GlobalSection(SolutionProperties) = preSolution
		HideSolutionNode = FALSE
	EndGlobalSection
	GlobalSection(ExtensibilityGlobals) = postSolution
		SolutionGuid = {46D4EA0B-8C81-4270-B0AD-90ACE2EBBCD6}
	EndGlobalSection
EndGlobal
