
Microsoft Visual Studio Solution File, Format Version 12.00
# Visual Studio Version 16
VisualStudioVersion = 16.0.31624.102
MinimumVisualStudioVersion = 10.0.40219.1
Project("{FAE04EC0-301F-11D3-BF4B-00C04F79EFBC}") = "CSBasic8", "CSBasic8\CSBasic8.csproj", "{D492E01C-4CE0-40C9-93FD-FF78D4A183C9}"
EndProject
Global
	GlobalSection(SolutionConfigurationPlatforms) = preSolution
		Debug|Any CPU = Debug|Any CPU
		Release|Any CPU = Release|Any CPU
	EndGlobalSection
	GlobalSection(ProjectConfigurationPlatforms) = postSolution
		{D492E01C-4CE0-40C9-93FD-FF78D4A183C9}.Debug|Any CPU.ActiveCfg = Debug|Any CPU
		{D492E01C-4CE0-40C9-93FD-FF78D4A183C9}.Debug|Any CPU.Build.0 = Debug|Any CPU
		{D492E01C-4CE0-40C9-93FD-FF78D4A183C9}.Release|Any CPU.ActiveCfg = Release|Any CPU
		{D492E01C-4CE0-40C9-93FD-FF78D4A183C9}.Release|Any CPU.Build.0 = Release|Any CPU
	EndGlobalSection
	GlobalSection(SolutionProperties) = preSolution
		HideSolutionNode = FALSE
	EndGlobalSection
	GlobalSection(ExtensibilityGlobals) = postSolution
		SolutionGuid = {1FE55DF4-401C-4A17-BAD3-2A4E17ABBB9A}
	EndGlobalSection
EndGlobal
