
Microsoft Visual Studio Solution File, Format Version 12.00
# Visual Studio Version 16
VisualStudioVersion = 16.0.31112.23
MinimumVisualStudioVersion = 10.0.40219.1
Project("{FAE04EC0-301F-11D3-BF4B-00C04F79EFBC}") = "CSBasic10", "CSBasic10\CSBasic10.csproj", "{09E737CE-0E86-477E-B15B-16E2CF150075}"
EndProject
Global
	GlobalSection(SolutionConfigurationPlatforms) = preSolution
		Debug|Any CPU = Debug|Any CPU
		Release|Any CPU = Release|Any CPU
	EndGlobalSection
	GlobalSection(ProjectConfigurationPlatforms) = postSolution
		{09E737CE-0E86-477E-B15B-16E2CF150075}.Debug|Any CPU.ActiveCfg = Debug|Any CPU
		{09E737CE-0E86-477E-B15B-16E2CF150075}.Debug|Any CPU.Build.0 = Debug|Any CPU
		{09E737CE-0E86-477E-B15B-16E2CF150075}.Release|Any CPU.ActiveCfg = Release|Any CPU
		{09E737CE-0E86-477E-B15B-16E2CF150075}.Release|Any CPU.Build.0 = Release|Any CPU
	EndGlobalSection
	GlobalSection(SolutionProperties) = preSolution
		HideSolutionNode = FALSE
	EndGlobalSection
	GlobalSection(ExtensibilityGlobals) = postSolution
		SolutionGuid = {4BAF1608-094B-4519-A739-0C9D44760819}
	EndGlobalSection
EndGlobal
